
Microsoft Visual Studio Solution File, Format Version 12.00
# Visual Studio 15
VisualStudioVersion = 15.0.27130.2010
MinimumVisualStudioVersion = 10.0.40219.1
Project("{FAE04EC0-301F-11D3-BF4B-00C04F79EFBC}") = "MonitorLedController", "MonitorLedController\MonitorLedController.csproj", "{F429547B-71AD-4D1C-8606-D9F96F03676F}"
EndProject
Global
	GlobalSection(SolutionConfigurationPlatforms) = preSolution
		Debug|Any CPU = Debug|Any CPU
		Release|Any CPU = Release|Any CPU
	EndGlobalSection
	GlobalSection(ProjectConfigurationPlatforms) = postSolution
		{F429547B-71AD-4D1C-8606-D9F96F03676F}.Debug|Any CPU.ActiveCfg = Debug|Any CPU
		{F429547B-71AD-4D1C-8606-D9F96F03676F}.Debug|Any CPU.Build.0 = Debug|Any CPU
		{F429547B-71AD-4D1C-8606-D9F96F03676F}.Release|Any CPU.ActiveCfg = Release|Any CPU
		{F429547B-71AD-4D1C-8606-D9F96F03676F}.Release|Any CPU.Build.0 = Release|Any CPU
	EndGlobalSection
	GlobalSection(SolutionProperties) = preSolution
		HideSolutionNode = FALSE
	EndGlobalSection
	GlobalSection(ExtensibilityGlobals) = postSolution
		SolutionGuid = {7C17C0EC-83F3-4866-96EC-6E29CEE1DF03}
	EndGlobalSection
EndGlobal
